
Microsoft Visual Studio Solution File, Format Version 12.00
# Visual Studio Version 17
VisualStudioVersion = 17.11.35222.181
MinimumVisualStudioVersion = 10.0.40219.1
Project("{F2A71F9B-5D33-465A-A702-920D77279786}") = "Genesys3", "Genesys3.fsproj", "{60C25FB5-AFA1-47A5-86CE-5E8D98810EDA}"
EndProject
Global
	GlobalSection(SolutionConfigurationPlatforms) = preSolution
		Debug|Any CPU = Debug|Any CPU
		Release|Any CPU = Release|Any CPU
	EndGlobalSection
	GlobalSection(ProjectConfigurationPlatforms) = postSolution
		{60C25FB5-AFA1-47A5-86CE-5E8D98810EDA}.Debug|Any CPU.ActiveCfg = Debug|Any CPU
		{60C25FB5-AFA1-47A5-86CE-5E8D98810EDA}.Debug|Any CPU.Build.0 = Debug|Any CPU
		{60C25FB5-AFA1-47A5-86CE-5E8D98810EDA}.Release|Any CPU.ActiveCfg = Release|Any CPU
		{60C25FB5-AFA1-47A5-86CE-5E8D98810EDA}.Release|Any CPU.Build.0 = Release|Any CPU
	EndGlobalSection
	GlobalSection(SolutionProperties) = preSolution
		HideSolutionNode = FALSE
	EndGlobalSection
	GlobalSection(ExtensibilityGlobals) = postSolution
		SolutionGuid = {259E739F-F428-41CE-9007-E0AA405FB3B3}
	EndGlobalSection
EndGlobal
